// !$*UTF8*$!
{
	archiveVersion = 1;
	classes = {
	};
	objectVersion = 46;
	objects = {

/* Begin PBXBuildFile section */
		0DCCBFC91EF41FD400024D3B /* AppDelegate.swift in Sources */ = {isa = PBXBuildFile; fileRef = 0DCCBFC81EF41FD400024D3B /* AppDelegate.swift */; };
		0DCCBFCB1EF41FD400024D3B /* ViewController.swift in Sources */ = {isa = PBXBuildFile; fileRef = 0DCCBFCA1EF41FD400024D3B /* ViewController.swift */; };
		0DCCBFCE1EF41FD400024D3B /* Main.storyboard in Resources */ = {isa = PBXBuildFile; fileRef = 0DCCBFCC1EF41FD400024D3B /* Main.storyboard */; };
		0DCCBFD01EF41FD400024D3B /* Assets.xcassets in Resources */ = {isa = PBXBuildFile; fileRef = 0DCCBFCF1EF41FD400024D3B /* Assets.xcassets */; };
		0DCCBFD31EF41FD400024D3B /* LaunchScreen.storyboard in Resources */ = {isa = PBXBuildFile; fileRef = 0DCCBFD11EF41FD400024D3B /* LaunchScreen.storyboard */; };
/* End PBXBuildFile section */

/* Begin PBXFileReference section */
		0DCCBFC51EF41FD400024D3B /* Instagram-Json.app */ = {isa = PBXFileReference; explicitFileType = wrapper.application; includeInIndex = 0; path = "Instagram-Json.app"; sourceTree = BUILT_PRODUCTS_DIR; };
		0DCCBFC81EF41FD400024D3B /* AppDelegate.swift */ = {isa = PBXFileReference; lastKnownFileType = sourcecode.swift; path = AppDelegate.swift; sourceTree = "<group>"; };
		0DCCBFCA1EF41FD400024D3B /* ViewController.swift */ = {isa = PBXFileReference; lastKnownFileType = sourcecode.swift; path = ViewController.swift; sourceTree = "<group>"; };
		0DCCBFCD1EF41FD400024D3B /* Base */ = {isa = PBXFileReference; lastKnownFileType = file.storyboard; name = Base; path = Base.lproj/Main.storyboard; sourceTree = "<group>"; };
		0DCCBFCF1EF41FD400024D3B /* Assets.xcassets */ = {isa = PBXFileReference; lastKnownFileType = folder.assetcatalog; path = Assets.xcassets; sourceTree = "<group>"; };
		0DCCBFD21EF41FD400024D3B /* Base */ = {isa = PBXFileReference; lastKnownFileType = file.storyboard; name = Base; path = Base.lproj/LaunchScreen.storyboard; sourceTree = "<group>"; };
		0DCCBFD41EF41FD400024D3B /* Info.plist */ = {isa = PBXFileReference; lastKnownFileType = text.plist.xml; path = Info.plist; sourceTree = "<group>"; };
/* End PBXFileReference section */

/* Begin PBXFrameworksBuildPhase section */
		0DCCBFC21EF41FD400024D3B /* Frameworks */ = {
			isa = PBXFrameworksBuildPhase;
			buildActionMask = 2147483647;
			files = (
			);
			runOnlyForDeploymentPostprocessing = 0;
		};
/* End PBXFrameworksBuildPhase section */

/* Begin PBXGroup section */
		0DCCBFBC1EF41FD400024D3B = {
			isa = PBXGroup;
			children = (
				0DCCBFC71EF41FD400024D3B /* Instagram-Json */,
				0DCCBFC61EF41FD400024D3B /* Products */,
			);
			sourceTree = "<group>";
		};
		0DCCBFC61EF41FD400024D3B /* Products */ = {
			isa = PBXGroup;
			children = (
				0DCCBFC51EF41FD400024D3B /* Instagram-Json.app */,
			);
			name = Products;
			sourceTree = "<group>";
		};
		0DCCBFC71EF41FD400024D3B /* Instagram-Json */ = {
			isa = PBXGroup;
			children = (
				0DCCBFC81EF41FD400024D3B /* AppDelegate.swift */,
				0DCCBFCA1EF41FD400024D3B /* ViewController.swift */,
				0DCCBFCC1EF41FD400024D3B /* Main.storyboard */,
				0DCCBFCF1EF41FD400024D3B /* Assets.xcassets */,
				0DCCBFD11EF41FD400024D3B /* LaunchScreen.storyboard */,
				0DCCBFD41EF41FD400024D3B /* Info.plist */,
			);
			path = "Instagram-Json";
			sourceTree = "<group>";
		};
/* End PBXGroup section */

/* Begin PBXNativeTarget section */
		0DCCBFC41EF41FD400024D3B /* Instagram-Json */ = {
			isa = PBXNativeTarget;
			buildConfigurationList = 0DCCBFD71EF41FD400024D3B /* Build configuration list for PBXNativeTarget "Instagram-Json" */;
			buildPhases = (
				0DCCBFC11EF41FD400024D3B /* Sources */,
				0DCCBFC21EF41FD400024D3B /* Frameworks */,
				0DCCBFC31EF41FD400024D3B /* Resources */,
			);
			buildRules = (
			);
			dependencies = (
			);
			name = "Instagram-Json";
			productName = "Instagram-Json";
			productReference = 0DCCBFC51EF41FD400024D3B /* Instagram-Json.app */;
			productType = "com.apple.product-type.application";
		};
/* End PBXNativeTarget section */

/* Begin PBXProject section */
		0DCCBFBD1EF41FD400024D3B /* Project object */ = {
			isa = PBXProject;
			attributes = {
				LastSwiftUpdateCheck = 0830;
				LastUpgradeCheck = 0830;
				ORGANIZATIONNAME = "konstantine tsaava";
				TargetAttributes = {
					0DCCBFC41EF41FD400024D3B = {
						CreatedOnToolsVersion = 8.3.3;
						DevelopmentTeam = DCZPZBDHEE;
						ProvisioningStyle = Automatic;
					};
				};
			};
			buildConfigurationList = 0DCCBFC01EF41FD400024D3B /* Build configuration list for PBXProject "Instagram-Json" */;
			compatibilityVersion = "Xcode 3.2";
			developmentRegion = English;
			hasScannedForEncodings = 0;
			knownRegions = (
				en,
				Base,
			);
			mainGroup = 0DCCBFBC1EF41FD400024D3B;
			productRefGroup = 0DCCBFC61EF41FD400024D3B /* Products */;
			projectDirPath = "";
			projectRoot = "";
			targets = (
				0DCCBFC41EF41FD400024D3B /* Instagram-Json */,
			);
		};
/* End PBXProject section */

/* Begin PBXResourcesBuildPhase section */
		0DCCBFC31EF41FD400024D3B /* Resources */ = {
			isa = PBXResourcesBuildPhase;
			buildActionMask = 2147483647;
			files = (
				0DCCBFD31EF41FD400024D3B /* LaunchScreen.storyboard in Resources */,
				0DCCBFD01EF41FD400024D3B /* Assets.xcassets in Resources */,
				0DCCBFCE1EF41FD400024D3B /* Main.storyboard in Resources */,
			);
			runOnlyForDeploymentPostprocessing = 0;
		};
/* End PBXResourcesBuildPhase section */

/* Begin PBXSourcesBuildPhase section */
		0DCCBFC11EF41FD400024D3B /* Sources */ = {
			isa = PBXSourcesBuildPhase;
			buildActionMask = 2147483647;
			files = (
				0DCCBFCB1EF41FD400024D3B /* ViewController.swift in Sources */,
				0DCCBFC91EF41FD400024D3B /* AppDelegate.swift in Sources */,
			);
			runOnlyForDeploymentPostprocessing = 0;
		};
/* End PBXSourcesBuildPhase section */

/* Begin PBXVariantGroup section */
		0DCCBFCC1EF41FD400024D3B /* Main.storyboard */ = {
			isa = PBXVariantGroup;
			children = (
				0DCCBFCD1EF41FD400024D3B /* Base */,
			);
			name = Main.storyboard;
			sourceTree = "<group>";
		};
		0DCCBFD11EF41FD400024D3B /* LaunchScreen.storyboard */ = {
			isa = PBXVariantGroup;
			children = (
				0DCCBFD21EF41FD400024D3B /* Base */,
			);
			name = LaunchScreen.storyboard;
			sourceTree = "<group>";
		};
/* End PBXVariantGroup section */

/* Begin XCBuildConfiguration section */
		0DCCBFD51EF41FD400024D3B /* Debug */ = {
			isa = XCBuildConfiguration;
			buildSettings = {
				ALWAYS_SEARCH_USER_PATHS = NO;
				CLANG_ANALYZER_NONNULL = YES;
				CLANG_ANALYZER_NUMBER_OBJECT_CONVERSION = YES_AGGRESSIVE;
				CLANG_CXX_LANGUAGE_STANDARD = "gnu++0x";
				CLANG_CXX_LIBRARY = "libc++";
				CLANG_ENABLE_MODULES = YES;
				CLANG_ENABLE_OBJC_ARC = YES;
				CLANG_WARN_BOOL_CONVERSION = YES;
				CLANG_WARN_CONSTANT_CONVERSION = YES;
				CLANG_WARN_DIRECT_OBJC_ISA_USAGE = YES_ERROR;
				CLANG_WARN_DOCUMENTATION_COMMENTS = YES;
				CLANG_WARN_EMPTY_BODY = YES;
				CLANG_WARN_ENUM_CONVERSION = YES;
				CLANG_WARN_INFINITE_RECURSION = YES;
				CLANG_WARN_INT_CONVERSION = YES;
				CLANG_WARN_OBJC_ROOT_CLASS = YES_ERROR;
				CLANG_WARN_SUSPICIOUS_MOVE = YES;
				CLANG_WARN_UNREACHABLE_CODE = YES;
				CLANG_WARN__DUPLICATE_METHOD_MATCH = YES;
				"CODE_SIGN_IDENTITY[sdk=iphoneos*]" = "iPhone Developer";
				COPY_PHASE_STRIP = NO;
				DEBUG_INFORMATION_FORMAT = dwarf;
				ENABLE_STRICT_OBJC_MSGSEND = YES;
				ENABLE_TESTABILITY = YES;
				GCC_C_LANGUAGE_STANDARD = gnu99;
				GCC_DYNAMIC_NO_PIC = NO;
				GCC_NO_COMMON_BLOCKS = YES;
				GCC_OPTIMIZATION_LEVEL = 0;
				GCC_PREPROCESSOR_DEFINITIONS = (
					"DEBUG=1",
					"$(inherited)",
				);
				GCC_WARN_64_TO_32_BIT_CONVERSION = YES;
				GCC_WARN_ABOUT_RETURN_TYPE = YES_ERROR;
				GCC_WARN_UNDECLARED_SELECTOR = YES;
				GCC_WARN_UNINITIALIZED_AUTOS = YES_AGGRESSIVE;
				GCC_WARN_UNUSED_FUNCTION = YES;
				GCC_WARN_UNUSED_VARIABLE = YES;
				IPHONEOS_DEPLOYMENT_TARGET = 10.3;
				MTL_ENABLE_DEBUG_INFO = YES;
				ONLY_ACTIVE_ARCH = YES;
				SDKROOT = iphoneos;
				SWIFT_ACTIVE_COMPILATION_CONDITIONS = DEBUG;
				SWIFT_OPTIMIZATION_LEVEL = "-Onone";
				TARGETED_DEVICE_FAMILY = "1,2";
			};
			name = Debug;
		};
		0DCCBFD61EF41FD400024D3B /* Release */ = {
			isa = XCBuildConfiguration;
			buildSettings = {
				ALWAYS_SEARCH_USER_PATHS = NO;
				CLANG_ANALYZER_NONNULL = YES;
				CLANG_ANALYZER_NUMBER_OBJECT_CONVERSION = YES_AGGRESSIVE;
				CLANG_CXX_LANGUAGE_STANDARD = "gnu++0x";
				CLANG_CXX_LIBRARY = "libc++";
				CLANG_ENABLE_MODULES = YES;
				CLANG_ENABLE_OBJC_ARC = YES;
				CLANG_WARN_BOOL_CONVERSION = YES;
				CLANG_WARN_CONSTANT_CONVERSION = YES;
				CLANG_WARN_DIRECT_OBJC_ISA_USAGE = YES_ERROR;
				CLANG_WARN_DOCUMENTATION_COMMENTS = YES;
				CLANG_WARN_EMPTY_BODY = YES;
				CLANG_WARN_ENUM_CONVERSION = YES;
				CLANG_WARN_INFINITE_RECURSION = YES;
				CLANG_WARN_INT_CONVERSION = YES;
				CLANG_WARN_OBJC_ROOT_CLASS = YES_ERROR;
				CLANG_WARN_SUSPICIOUS_MOVE = YES;
				CLANG_WARN_UNREACHABLE_CODE = YES;
				CLANG_WARN__DUPLICATE_METHOD_MATCH = YES;
				"CODE_SIGN_IDENTITY[sdk=iphoneos*]" = "iPhone Developer";
				COPY_PHASE_STRIP = NO;
				DEBUG_INFORMATION_FORMAT = "dwarf-with-dsym";
				ENABLE_NS_ASSERTIONS = NO;
				ENABLE_STRICT_OBJC_MSGSEND = YES;
				GCC_C_LANGUAGE_STANDARD = gnu99;
				GCC_NO_COMMON_BLOCKS = YES;
				GCC_WARN_64_TO_32_BIT_CONVERSION = YES;
				GCC_WARN_ABOUT_RETURN_TYPE = YES_ERROR;
				GCC_WARN_UNDECLARED_SELECTOR = YES;
				GCC_WARN_UNINITIALIZED_AUTOS = YES_AGGRESSIVE;
				GCC_WARN_UNUSED_FUNCTION = YES;
				GCC_WARN_UNUSED_VARIABLE = YES;
				IPHONEOS_DEPLOYMENT_TARGET = 10.3;
				MTL_ENABLE_DEBUG_INFO = NO;
				SDKROOT = iphoneos;
				SWIFT_OPTIMIZATION_LEVEL = "-Owholemodule";
				TARGETED_DEVICE_FAMILY = "1,2";
				VALIDATE_PRODUCT = YES;
			};
			name = Release;
		};
		0DCCBFD81EF41FD400024D3B /* Debug */ = {
			isa = XCBuildConfiguration;
			buildSettings = {
				ASSETCATALOG_COMPILER_APPICON_NAME = AppIcon;
				DEVELOPMENT_TEAM = DCZPZBDHEE;
				INFOPLIST_FILE = "Instagram-Json/Info.plist";
				IPHONEOS_DEPLOYMENT_TARGET = 9.3;
				LD_RUNPATH_SEARCH_PATHS = "$(inherited) @executable_path/Frameworks";
				PRODUCT_BUNDLE_IDENTIFIER = "konstantine-tsaava.Instagram-Json";
				PRODUCT_NAME = "$(TARGET_NAME)";
				SWIFT_VERSION = 3.0;
			};
			name = Debug;
		};
		0DCCBFD91EF41FD400024D3B /* Release */ = {
			isa = XCBuildConfiguration;
			buildSettings = {
				ASSETCATALOG_COMPILER_APPICON_NAME = AppIcon;
				DEVELOPMENT_TEAM = DCZPZBDHEE;
				INFOPLIST_FILE = "Instagram-Json/Info.plist";
				IPHONEOS_DEPLOYMENT_TARGET = 9.3;
				LD_RUNPATH_SEARCH_PATHS = "$(inherited) @executable_path/Frameworks";
				PRODUCT_BUNDLE_IDENTIFIER = "konstantine-tsaava.Instagram-Json";
				PRODUCT_NAME = "$(TARGET_NAME)";
				SWIFT_VERSION = 3.0;
			};
			name = Release;
		};
/* End XCBuildConfiguration section */

/* Begin XCConfigurationList section */
		0DCCBFC01EF41FD400024D3B /* Build configuration list for PBXProject "Instagram-Json" */ = {
			isa = XCConfigurationList;
			buildConfigurations = (
				0DCCBFD51EF41FD400024D3B /* Debug */,
				0DCCBFD61EF41FD400024D3B /* Release */,
			);
			defaultConfigurationIsVisible = 0;
			defaultConfigurationName = Release;
		};
		0DCCBFD71EF41FD400024D3B /* Build configuration list for PBXNativeTarget "Instagram-Json" */ = {
			isa = XCConfigurationList;
			buildConfigurations = (
				0DCCBFD81EF41FD400024D3B /* Debug */,
				0DCCBFD91EF41FD400024D3B /* Release */,
			);
			defaultConfigurationIsVisible = 0;
		};
/* End XCConfigurationList section */
	};
	rootObject = 0DCCBFBD1EF41FD400024D3B /* Project object */;
}
